
Microsoft Visual Studio Solution File, Format Version 12.00
# Visual Studio Version 18
VisualStudioVersion = 18.5.11716.220 stable
MinimumVisualStudioVersion = 10.0.40219.1
Project("{FAE04EC0-301F-11D3-BF4B-00C04F79EFBC}") = "AcademixPro", "AcademixPro.csproj", "{00270EE7-A41B-403C-7053-92238EEAF4BF}"
EndProject
Global
	GlobalSection(SolutionConfigurationPlatforms) = preSolution
		Debug|Any CPU = Debug|Any CPU
		Release|Any CPU = Release|Any CPU
	EndGlobalSection
	GlobalSection(ProjectConfigurationPlatforms) = postSolution
		{00270EE7-A41B-403C-7053-92238EEAF4BF}.Debug|Any CPU.ActiveCfg = Debug|Any CPU
		{00270EE7-A41B-403C-7053-92238EEAF4BF}.Debug|Any CPU.Build.0 = Debug|Any CPU
		{00270EE7-A41B-403C-7053-92238EEAF4BF}.Release|Any CPU.ActiveCfg = Release|Any CPU
		{00270EE7-A41B-403C-7053-92238EEAF4BF}.Release|Any CPU.Build.0 = Release|Any CPU
	EndGlobalSection
	GlobalSection(SolutionProperties) = preSolution
		HideSolutionNode = FALSE
	EndGlobalSection
	GlobalSection(ExtensibilityGlobals) = postSolution
		SolutionGuid = {764334E8-A898-4964-85DD-44E30371ACD8}
	EndGlobalSection
EndGlobal
